
Microsoft Visual Studio Solution File, Format Version 12.00
# Visual Studio 2012
Project("{FAE04EC0-301F-11D3-BF4B-00C04F79EFBC}") = "FFImageLoading", "FFImageLoading.Common\FFImageLoading.csproj", "{51CA3BE2-DF00-4F49-8054-E5C776992B61}"
EndProject
Project("{D954291E-2A0B-460D-934E-DC6B0785DB48}") = "FFImageLoading.Shared", "FFImageLoading.Shared\FFImageLoading.Shared.shproj", "{E72AC4ED-03A8-465C-95A2-38B0544B37DB}"
EndProject
Project("{FAE04EC0-301F-11D3-BF4B-00C04F79EFBC}") = "FFImageLoading.Droid", "FFImageLoading.Droid\FFImageLoading.Droid.csproj", "{74BF9402-3E13-4003-8923-BC20A1294CE2}"
EndProject
Project("{FAE04EC0-301F-11D3-BF4B-00C04F79EFBC}") = "FFImageLoading.Touch", "FFImageLoading.Touch\FFImageLoading.Touch.csproj", "{1597F7D4-432C-4F26-B508-0F6FAF0B9711}"
EndProject
Global
	GlobalSection(SolutionConfigurationPlatforms) = preSolution
		Debug|Any CPU = Debug|Any CPU
		Release|Any CPU = Release|Any CPU
	EndGlobalSection
	GlobalSection(ProjectConfigurationPlatforms) = postSolution
		{1597F7D4-432C-4F26-B508-0F6FAF0B9711}.Debug|Any CPU.ActiveCfg = Debug|Any CPU
		{1597F7D4-432C-4F26-B508-0F6FAF0B9711}.Debug|Any CPU.Build.0 = Debug|Any CPU
		{1597F7D4-432C-4F26-B508-0F6FAF0B9711}.Release|Any CPU.ActiveCfg = Release|Any CPU
		{1597F7D4-432C-4F26-B508-0F6FAF0B9711}.Release|Any CPU.Build.0 = Release|Any CPU
		{51CA3BE2-DF00-4F49-8054-E5C776992B61}.Debug|Any CPU.ActiveCfg = Debug|Any CPU
		{51CA3BE2-DF00-4F49-8054-E5C776992B61}.Debug|Any CPU.Build.0 = Debug|Any CPU
		{51CA3BE2-DF00-4F49-8054-E5C776992B61}.Release|Any CPU.ActiveCfg = Release|Any CPU
		{51CA3BE2-DF00-4F49-8054-E5C776992B61}.Release|Any CPU.Build.0 = Release|Any CPU
		{74BF9402-3E13-4003-8923-BC20A1294CE2}.Debug|Any CPU.ActiveCfg = Debug|Any CPU
		{74BF9402-3E13-4003-8923-BC20A1294CE2}.Debug|Any CPU.Build.0 = Debug|Any CPU
		{74BF9402-3E13-4003-8923-BC20A1294CE2}.Release|Any CPU.ActiveCfg = Release|Any CPU
		{74BF9402-3E13-4003-8923-BC20A1294CE2}.Release|Any CPU.Build.0 = Release|Any CPU
	EndGlobalSection
EndGlobal
