
Microsoft Visual Studio Solution File, Format Version 12.00
# Visual Studio Version 16
VisualStudioVersion = 16.0.29318.209
MinimumVisualStudioVersion = 10.0.40219.1
Project("{2150E333-8FDC-42A3-9474-1A3956D46DE8}") = "Samples", "Samples", "{B48F3C95-B33F-4EF5-B223-06356D749A80}"
	ProjectSection(SolutionItems) = preProject
		samples\Directory.build.props = samples\Directory.build.props
		samples\Directory.build.targets = samples\Directory.build.targets
	EndProjectSection
EndProject
Project("{FAE04EC0-301F-11D3-BF4B-00C04F79EFBC}") = "Simple.Android.Sample", "samples\ImageLoading.Sample\Simple.Android.Sample.csproj", "{F898A684-E9C1-4154-9F80-6037287233F5}"
EndProject
Project("{FAE04EC0-301F-11D3-BF4B-00C04F79EFBC}") = "FFImageLoading.Forms.Sample.Droid", "samples\ImageLoading.Forms.Sample\Droid\FFImageLoading.Forms.Sample.Droid.csproj", "{9F816002-DBA1-4175-A0CA-0DFD9E086786}"
EndProject
Project("{FAE04EC0-301F-11D3-BF4B-00C04F79EFBC}") = "FFImageLoading.Forms.Sample.iOS", "samples\ImageLoading.Forms.Sample\iOS\FFImageLoading.Forms.Sample.iOS.csproj", "{626BF52A-2C8A-4E1E-AFE5-2EA3903FFBDF}"
EndProject
Project("{9A19103F-16F7-4668-BE54-9A1E7A4F7556}") = "FFImageLoading.Forms.Sample", "samples\ImageLoading.Forms.Sample\Shared\FFImageLoading.Forms.Sample.csproj", "{3A682234-5918-4F58-B02B-598A59C6A7BD}"
EndProject
Project("{FAE04EC0-301F-11D3-BF4B-00C04F79EFBC}") = "Simple.Universal.Sample", "samples\Simple.WinUniversal.Sample\Simple.Universal.Sample.csproj", "{4B964916-47F4-4876-8A6B-9048B8A0D148}"
EndProject
Project("{FAE04EC0-301F-11D3-BF4B-00C04F79EFBC}") = "Simple.iOS.Sample", "samples\Simple.iOS.Sample\Simple.iOS.Sample.csproj", "{B67D0516-5951-4DE9-B07F-AD3407D8CA90}"
EndProject
Project("{FAE04EC0-301F-11D3-BF4B-00C04F79EFBC}") = "FFImageLoading.MvvmCross.Sample.Core", "samples\ImageLoading.MvvmCross.Sample\FFImageLoading.MvvmCross.Sample.Core\FFImageLoading.MvvmCross.Sample.Core.csproj", "{087DE224-30F0-4FEF-A960-F93F04182BA6}"
EndProject
Project("{FAE04EC0-301F-11D3-BF4B-00C04F79EFBC}") = "FFImageLoading.MvvmCross.Sample.Droid", "samples\ImageLoading.MvvmCross.Sample\FFImageLoading.MvvmCross.Sample.Droid\FFImageLoading.MvvmCross.Sample.Droid.csproj", "{A3760566-B91D-435F-94A6-31ADF4C7812F}"
EndProject
Project("{FAE04EC0-301F-11D3-BF4B-00C04F79EFBC}") = "FFImageLoading.MvvmCross.Sample.iOS", "samples\ImageLoading.MvvmCross.Sample\FFImageLoading.MvvmCross.Sample.iOS\FFImageLoading.MvvmCross.Sample.iOS.csproj", "{8701A65C-0F63-4BE7-B3F7-D2365BB6366E}"
EndProject
Project("{FAE04EC0-301F-11D3-BF4B-00C04F79EFBC}") = "FFImageLoading.Forms.Sample.Mac", "samples\ImageLoading.Forms.Sample\Mac\FFImageLoading.Forms.Sample.Mac.csproj", "{75D24499-446D-47DD-9C9A-295E40010CF1}"
EndProject
Project("{9A19103F-16F7-4668-BE54-9A1E7A4F7556}") = "FFImageLoading.Tests", "source\Tests\FFImageLoading.Tests\FFImageLoading.Tests.csproj", "{844EF512-7E52-4515-AC00-5FF50800F2B5}"
EndProject
Project("{2150E333-8FDC-42A3-9474-1A3956D46DE8}") = "Nuspec", "Nuspec", "{5C360F03-BA00-4697-B698-73682B8F510F}"
	ProjectSection(SolutionItems) = preProject
		nuget\Xamarin.FFImageLoading.Forms.nuspec = nuget\Xamarin.FFImageLoading.Forms.nuspec
		nuget\Xamarin.FFImageLoading.nuspec = nuget\Xamarin.FFImageLoading.nuspec
		nuget\Xamarin.FFImageLoading.Svg.Forms.nuspec = nuget\Xamarin.FFImageLoading.Svg.Forms.nuspec
		nuget\Xamarin.FFImageLoading.Svg.nuspec = nuget\Xamarin.FFImageLoading.Svg.nuspec
		nuget\Xamarin.FFImageLoading.Transformations.nuspec = nuget\Xamarin.FFImageLoading.Transformations.nuspec
	EndProjectSection
EndProject
Project("{9A19103F-16F7-4668-BE54-9A1E7A4F7556}") = "FFImageLoading.Forms.Sample.Tizen", "samples\ImageLoading.Forms.Sample\Tizen\FFImageLoading.Forms.Sample.Tizen.csproj", "{26980B5F-05B3-4070-A2A7-28749166E44C}"
EndProject
Project("{9A19103F-16F7-4668-BE54-9A1E7A4F7556}") = "Simple.TizenForms.Sample", "samples\Simple.TizenForms.Sample\Simple.TizenForms.Sample.csproj", "{01B928BA-5E3B-46C6-B172-624A60ECC534}"
EndProject
Project("{FAE04EC0-301F-11D3-BF4B-00C04F79EFBC}") = "FFImageLoading.Mac.Sample", "samples\FFImageLoading.Mac.Sample\FFImageLoading.Mac.Sample.csproj", "{8A21BBDD-F3BA-4966-8E5F-A65D4EAE7F2B}"
EndProject
Project("{FAE04EC0-301F-11D3-BF4B-00C04F79EFBC}") = "FFImageLoading.Forms.Sample.WinUWP", "samples\ImageLoading.Forms.Sample\WinUWP\FFImageLoading.Forms.Sample.WinUWP.csproj", "{8E16617A-EA87-4E8D-8CD1-AD5E6D73188F}"
EndProject
Project("{FAE04EC0-301F-11D3-BF4B-00C04F79EFBC}") = "FFImageLoading.Forms.Sample.Wpf", "samples\ImageLoading.Forms.Sample\Wpf\FFImageLoading.Forms.Sample.Wpf.csproj", "{9DA44ABC-686C-4AE5-AB3F-19C01BAC279F}"
EndProject
Project("{2150E333-8FDC-42A3-9474-1A3956D46DE8}") = "SolutionItems", "SolutionItems", "{D3951530-EEDE-4F9C-BACC-0DEF2BDB879D}"
	ProjectSection(SolutionItems) = preProject
		build.cake = build.cake
		Directory.build.props = Directory.build.props
		Directory.build.targets = Directory.build.targets
		global.json = global.json
		README.md = README.md
	EndProjectSection
EndProject
Project("{FAE04EC0-301F-11D3-BF4B-00C04F79EFBC}") = "FFImageLoading", "FFImageLoading\FFImageLoading.csproj", "{1C7FC7B7-C0A1-4E70-B9D4-F07E1DC61FDB}"
EndProject
Global
	GlobalSection(SolutionConfigurationPlatforms) = preSolution
		Debug|Any CPU = Debug|Any CPU
		Debug|ARM = Debug|ARM
		Debug|iPhone = Debug|iPhone
		Debug|iPhoneSimulator = Debug|iPhoneSimulator
		Debug|x64 = Debug|x64
		Debug|x86 = Debug|x86
		Release|Any CPU = Release|Any CPU
		Release|ARM = Release|ARM
		Release|iPhone = Release|iPhone
		Release|iPhoneSimulator = Release|iPhoneSimulator
		Release|x64 = Release|x64
		Release|x86 = Release|x86
	EndGlobalSection
	GlobalSection(ProjectConfigurationPlatforms) = postSolution
		{F898A684-E9C1-4154-9F80-6037287233F5}.Debug|Any CPU.ActiveCfg = Debug|Any CPU
		{F898A684-E9C1-4154-9F80-6037287233F5}.Debug|Any CPU.Deploy.0 = Debug|Any CPU
		{F898A684-E9C1-4154-9F80-6037287233F5}.Debug|ARM.ActiveCfg = Debug|Any CPU
		{F898A684-E9C1-4154-9F80-6037287233F5}.Debug|ARM.Build.0 = Debug|Any CPU
		{F898A684-E9C1-4154-9F80-6037287233F5}.Debug|ARM.Deploy.0 = Debug|Any CPU
		{F898A684-E9C1-4154-9F80-6037287233F5}.Debug|iPhone.ActiveCfg = Debug|Any CPU
		{F898A684-E9C1-4154-9F80-6037287233F5}.Debug|iPhone.Build.0 = Debug|Any CPU
		{F898A684-E9C1-4154-9F80-6037287233F5}.Debug|iPhoneSimulator.ActiveCfg = Debug|Any CPU
		{F898A684-E9C1-4154-9F80-6037287233F5}.Debug|iPhoneSimulator.Build.0 = Debug|Any CPU
		{F898A684-E9C1-4154-9F80-6037287233F5}.Debug|x64.ActiveCfg = Debug|Any CPU
		{F898A684-E9C1-4154-9F80-6037287233F5}.Debug|x64.Build.0 = Debug|Any CPU
		{F898A684-E9C1-4154-9F80-6037287233F5}.Debug|x64.Deploy.0 = Debug|Any CPU
		{F898A684-E9C1-4154-9F80-6037287233F5}.Debug|x86.ActiveCfg = Debug|Any CPU
		{F898A684-E9C1-4154-9F80-6037287233F5}.Debug|x86.Build.0 = Debug|Any CPU
		{F898A684-E9C1-4154-9F80-6037287233F5}.Debug|x86.Deploy.0 = Debug|Any CPU
		{F898A684-E9C1-4154-9F80-6037287233F5}.Release|Any CPU.ActiveCfg = Release|Any CPU
		{F898A684-E9C1-4154-9F80-6037287233F5}.Release|Any CPU.Deploy.0 = Release|Any CPU
		{F898A684-E9C1-4154-9F80-6037287233F5}.Release|ARM.ActiveCfg = Release|Any CPU
		{F898A684-E9C1-4154-9F80-6037287233F5}.Release|ARM.Build.0 = Release|Any CPU
		{F898A684-E9C1-4154-9F80-6037287233F5}.Release|ARM.Deploy.0 = Release|Any CPU
		{F898A684-E9C1-4154-9F80-6037287233F5}.Release|iPhone.ActiveCfg = Release|Any CPU
		{F898A684-E9C1-4154-9F80-6037287233F5}.Release|iPhone.Build.0 = Release|Any CPU
		{F898A684-E9C1-4154-9F80-6037287233F5}.Release|iPhoneSimulator.ActiveCfg = Release|Any CPU
		{F898A684-E9C1-4154-9F80-6037287233F5}.Release|iPhoneSimulator.Build.0 = Release|Any CPU
		{F898A684-E9C1-4154-9F80-6037287233F5}.Release|x64.ActiveCfg = Release|Any CPU
		{F898A684-E9C1-4154-9F80-6037287233F5}.Release|x64.Build.0 = Release|Any CPU
		{F898A684-E9C1-4154-9F80-6037287233F5}.Release|x64.Deploy.0 = Release|Any CPU
		{F898A684-E9C1-4154-9F80-6037287233F5}.Release|x86.ActiveCfg = Release|Any CPU
		{F898A684-E9C1-4154-9F80-6037287233F5}.Release|x86.Build.0 = Release|Any CPU
		{F898A684-E9C1-4154-9F80-6037287233F5}.Release|x86.Deploy.0 = Release|Any CPU
		{9F816002-DBA1-4175-A0CA-0DFD9E086786}.Debug|Any CPU.ActiveCfg = Debug|Any CPU
		{9F816002-DBA1-4175-A0CA-0DFD9E086786}.Debug|Any CPU.Build.0 = Debug|Any CPU
		{9F816002-DBA1-4175-A0CA-0DFD9E086786}.Debug|Any CPU.Deploy.0 = Debug|Any CPU
		{9F816002-DBA1-4175-A0CA-0DFD9E086786}.Debug|ARM.ActiveCfg = Debug|Any CPU
		{9F816002-DBA1-4175-A0CA-0DFD9E086786}.Debug|ARM.Build.0 = Debug|Any CPU
		{9F816002-DBA1-4175-A0CA-0DFD9E086786}.Debug|ARM.Deploy.0 = Debug|Any CPU
		{9F816002-DBA1-4175-A0CA-0DFD9E086786}.Debug|iPhone.ActiveCfg = Debug|Any CPU
		{9F816002-DBA1-4175-A0CA-0DFD9E086786}.Debug|iPhone.Build.0 = Debug|Any CPU
		{9F816002-DBA1-4175-A0CA-0DFD9E086786}.Debug|iPhoneSimulator.ActiveCfg = Debug|Any CPU
		{9F816002-DBA1-4175-A0CA-0DFD9E086786}.Debug|iPhoneSimulator.Build.0 = Debug|Any CPU
		{9F816002-DBA1-4175-A0CA-0DFD9E086786}.Debug|x64.ActiveCfg = Debug|Any CPU
		{9F816002-DBA1-4175-A0CA-0DFD9E086786}.Debug|x64.Build.0 = Debug|Any CPU
		{9F816002-DBA1-4175-A0CA-0DFD9E086786}.Debug|x64.Deploy.0 = Debug|Any CPU
		{9F816002-DBA1-4175-A0CA-0DFD9E086786}.Debug|x86.ActiveCfg = Debug|Any CPU
		{9F816002-DBA1-4175-A0CA-0DFD9E086786}.Debug|x86.Build.0 = Debug|Any CPU
		{9F816002-DBA1-4175-A0CA-0DFD9E086786}.Debug|x86.Deploy.0 = Debug|Any CPU
		{9F816002-DBA1-4175-A0CA-0DFD9E086786}.Release|Any CPU.ActiveCfg = Release|Any CPU
		{9F816002-DBA1-4175-A0CA-0DFD9E086786}.Release|ARM.ActiveCfg = Release|Any CPU
		{9F816002-DBA1-4175-A0CA-0DFD9E086786}.Release|ARM.Build.0 = Release|Any CPU
		{9F816002-DBA1-4175-A0CA-0DFD9E086786}.Release|ARM.Deploy.0 = Release|Any CPU
		{9F816002-DBA1-4175-A0CA-0DFD9E086786}.Release|iPhone.ActiveCfg = Release|Any CPU
		{9F816002-DBA1-4175-A0CA-0DFD9E086786}.Release|iPhone.Build.0 = Release|Any CPU
		{9F816002-DBA1-4175-A0CA-0DFD9E086786}.Release|iPhoneSimulator.ActiveCfg = Release|Any CPU
		{9F816002-DBA1-4175-A0CA-0DFD9E086786}.Release|iPhoneSimulator.Build.0 = Release|Any CPU
		{9F816002-DBA1-4175-A0CA-0DFD9E086786}.Release|x64.ActiveCfg = Release|Any CPU
		{9F816002-DBA1-4175-A0CA-0DFD9E086786}.Release|x64.Build.0 = Release|Any CPU
		{9F816002-DBA1-4175-A0CA-0DFD9E086786}.Release|x64.Deploy.0 = Release|Any CPU
		{9F816002-DBA1-4175-A0CA-0DFD9E086786}.Release|x86.ActiveCfg = Release|Any CPU
		{9F816002-DBA1-4175-A0CA-0DFD9E086786}.Release|x86.Build.0 = Release|Any CPU
		{9F816002-DBA1-4175-A0CA-0DFD9E086786}.Release|x86.Deploy.0 = Release|Any CPU
		{626BF52A-2C8A-4E1E-AFE5-2EA3903FFBDF}.Debug|Any CPU.ActiveCfg = Debug|iPhoneSimulator
		{626BF52A-2C8A-4E1E-AFE5-2EA3903FFBDF}.Debug|Any CPU.Build.0 = Debug|iPhoneSimulator
		{626BF52A-2C8A-4E1E-AFE5-2EA3903FFBDF}.Debug|ARM.ActiveCfg = Debug|iPhoneSimulator
		{626BF52A-2C8A-4E1E-AFE5-2EA3903FFBDF}.Debug|iPhone.ActiveCfg = Debug|iPhoneSimulator
		{626BF52A-2C8A-4E1E-AFE5-2EA3903FFBDF}.Debug|iPhone.Build.0 = Debug|iPhoneSimulator
		{626BF52A-2C8A-4E1E-AFE5-2EA3903FFBDF}.Debug|iPhoneSimulator.ActiveCfg = Debug|iPhoneSimulator
		{626BF52A-2C8A-4E1E-AFE5-2EA3903FFBDF}.Debug|iPhoneSimulator.Build.0 = Debug|iPhoneSimulator
		{626BF52A-2C8A-4E1E-AFE5-2EA3903FFBDF}.Debug|x64.ActiveCfg = Debug|iPhoneSimulator
		{626BF52A-2C8A-4E1E-AFE5-2EA3903FFBDF}.Debug|x86.ActiveCfg = Debug|iPhoneSimulator
		{626BF52A-2C8A-4E1E-AFE5-2EA3903FFBDF}.Release|Any CPU.ActiveCfg = Release|iPhoneSimulator
		{626BF52A-2C8A-4E1E-AFE5-2EA3903FFBDF}.Release|ARM.ActiveCfg = Release|iPhoneSimulator
		{626BF52A-2C8A-4E1E-AFE5-2EA3903FFBDF}.Release|iPhone.ActiveCfg = Release|iPhoneSimulator
		{626BF52A-2C8A-4E1E-AFE5-2EA3903FFBDF}.Release|iPhone.Build.0 = Release|iPhoneSimulator
		{626BF52A-2C8A-4E1E-AFE5-2EA3903FFBDF}.Release|iPhoneSimulator.ActiveCfg = Release|iPhoneSimulator
		{626BF52A-2C8A-4E1E-AFE5-2EA3903FFBDF}.Release|iPhoneSimulator.Build.0 = Release|iPhoneSimulator
		{626BF52A-2C8A-4E1E-AFE5-2EA3903FFBDF}.Release|x64.ActiveCfg = Release|iPhoneSimulator
		{626BF52A-2C8A-4E1E-AFE5-2EA3903FFBDF}.Release|x86.ActiveCfg = Release|iPhoneSimulator
		{3A682234-5918-4F58-B02B-598A59C6A7BD}.Debug|Any CPU.ActiveCfg = Debug|Any CPU
		{3A682234-5918-4F58-B02B-598A59C6A7BD}.Debug|Any CPU.Build.0 = Debug|Any CPU
		{3A682234-5918-4F58-B02B-598A59C6A7BD}.Debug|ARM.ActiveCfg = Debug|Any CPU
		{3A682234-5918-4F58-B02B-598A59C6A7BD}.Debug|ARM.Build.0 = Debug|Any CPU
		{3A682234-5918-4F58-B02B-598A59C6A7BD}.Debug|iPhone.ActiveCfg = Debug|Any CPU
		{3A682234-5918-4F58-B02B-598A59C6A7BD}.Debug|iPhone.Build.0 = Debug|Any CPU
		{3A682234-5918-4F58-B02B-598A59C6A7BD}.Debug|iPhoneSimulator.ActiveCfg = Debug|Any CPU
		{3A682234-5918-4F58-B02B-598A59C6A7BD}.Debug|iPhoneSimulator.Build.0 = Debug|Any CPU
		{3A682234-5918-4F58-B02B-598A59C6A7BD}.Debug|x64.ActiveCfg = Debug|Any CPU
		{3A682234-5918-4F58-B02B-598A59C6A7BD}.Debug|x64.Build.0 = Debug|Any CPU
		{3A682234-5918-4F58-B02B-598A59C6A7BD}.Debug|x86.ActiveCfg = Debug|Any CPU
		{3A682234-5918-4F58-B02B-598A59C6A7BD}.Debug|x86.Build.0 = Debug|Any CPU
		{3A682234-5918-4F58-B02B-598A59C6A7BD}.Release|Any CPU.ActiveCfg = Release|Any CPU
		{3A682234-5918-4F58-B02B-598A59C6A7BD}.Release|ARM.ActiveCfg = Release|Any CPU
		{3A682234-5918-4F58-B02B-598A59C6A7BD}.Release|ARM.Build.0 = Release|Any CPU
		{3A682234-5918-4F58-B02B-598A59C6A7BD}.Release|iPhone.ActiveCfg = Release|Any CPU
		{3A682234-5918-4F58-B02B-598A59C6A7BD}.Release|iPhone.Build.0 = Release|Any CPU
		{3A682234-5918-4F58-B02B-598A59C6A7BD}.Release|iPhoneSimulator.ActiveCfg = Release|Any CPU
		{3A682234-5918-4F58-B02B-598A59C6A7BD}.Release|iPhoneSimulator.Build.0 = Release|Any CPU
		{3A682234-5918-4F58-B02B-598A59C6A7BD}.Release|x64.ActiveCfg = Release|Any CPU
		{3A682234-5918-4F58-B02B-598A59C6A7BD}.Release|x64.Build.0 = Release|Any CPU
		{3A682234-5918-4F58-B02B-598A59C6A7BD}.Release|x86.ActiveCfg = Release|Any CPU
		{3A682234-5918-4F58-B02B-598A59C6A7BD}.Release|x86.Build.0 = Release|Any CPU
		{4B964916-47F4-4876-8A6B-9048B8A0D148}.Debug|Any CPU.ActiveCfg = Debug|x86
		{4B964916-47F4-4876-8A6B-9048B8A0D148}.Debug|Any CPU.Deploy.0 = Debug|x86
		{4B964916-47F4-4876-8A6B-9048B8A0D148}.Debug|ARM.ActiveCfg = Debug|ARM
		{4B964916-47F4-4876-8A6B-9048B8A0D148}.Debug|ARM.Build.0 = Debug|ARM
		{4B964916-47F4-4876-8A6B-9048B8A0D148}.Debug|ARM.Deploy.0 = Debug|ARM
		{4B964916-47F4-4876-8A6B-9048B8A0D148}.Debug|iPhone.ActiveCfg = Debug|x86
		{4B964916-47F4-4876-8A6B-9048B8A0D148}.Debug|iPhoneSimulator.ActiveCfg = Debug|x86
		{4B964916-47F4-4876-8A6B-9048B8A0D148}.Debug|x64.ActiveCfg = Debug|x64
		{4B964916-47F4-4876-8A6B-9048B8A0D148}.Debug|x64.Build.0 = Debug|x64
		{4B964916-47F4-4876-8A6B-9048B8A0D148}.Debug|x64.Deploy.0 = Debug|x64
		{4B964916-47F4-4876-8A6B-9048B8A0D148}.Debug|x86.ActiveCfg = Debug|x86
		{4B964916-47F4-4876-8A6B-9048B8A0D148}.Debug|x86.Build.0 = Debug|x86
		{4B964916-47F4-4876-8A6B-9048B8A0D148}.Debug|x86.Deploy.0 = Debug|x86
		{4B964916-47F4-4876-8A6B-9048B8A0D148}.Release|Any CPU.ActiveCfg = Release|x86
		{4B964916-47F4-4876-8A6B-9048B8A0D148}.Release|ARM.ActiveCfg = Release|ARM
		{4B964916-47F4-4876-8A6B-9048B8A0D148}.Release|ARM.Build.0 = Release|ARM
		{4B964916-47F4-4876-8A6B-9048B8A0D148}.Release|ARM.Deploy.0 = Release|ARM
		{4B964916-47F4-4876-8A6B-9048B8A0D148}.Release|iPhone.ActiveCfg = Release|x86
		{4B964916-47F4-4876-8A6B-9048B8A0D148}.Release|iPhoneSimulator.ActiveCfg = Release|x86
		{4B964916-47F4-4876-8A6B-9048B8A0D148}.Release|x64.ActiveCfg = Release|x64
		{4B964916-47F4-4876-8A6B-9048B8A0D148}.Release|x64.Build.0 = Release|x64
		{4B964916-47F4-4876-8A6B-9048B8A0D148}.Release|x64.Deploy.0 = Release|x64
		{4B964916-47F4-4876-8A6B-9048B8A0D148}.Release|x86.ActiveCfg = Release|x86
		{4B964916-47F4-4876-8A6B-9048B8A0D148}.Release|x86.Build.0 = Release|x86
		{4B964916-47F4-4876-8A6B-9048B8A0D148}.Release|x86.Deploy.0 = Release|x86
		{B67D0516-5951-4DE9-B07F-AD3407D8CA90}.Debug|Any CPU.ActiveCfg = Debug|iPhoneSimulator
		{B67D0516-5951-4DE9-B07F-AD3407D8CA90}.Debug|ARM.ActiveCfg = Debug|iPhoneSimulator
		{B67D0516-5951-4DE9-B07F-AD3407D8CA90}.Debug|ARM.Build.0 = Debug|iPhoneSimulator
		{B67D0516-5951-4DE9-B07F-AD3407D8CA90}.Debug|iPhone.ActiveCfg = Debug|iPhone
		{B67D0516-5951-4DE9-B07F-AD3407D8CA90}.Debug|iPhone.Build.0 = Debug|iPhone
		{B67D0516-5951-4DE9-B07F-AD3407D8CA90}.Debug|iPhoneSimulator.ActiveCfg = Debug|iPhoneSimulator
		{B67D0516-5951-4DE9-B07F-AD3407D8CA90}.Debug|iPhoneSimulator.Build.0 = Debug|iPhoneSimulator
		{B67D0516-5951-4DE9-B07F-AD3407D8CA90}.Debug|x64.ActiveCfg = Debug|iPhoneSimulator
		{B67D0516-5951-4DE9-B07F-AD3407D8CA90}.Debug|x64.Build.0 = Debug|iPhoneSimulator
		{B67D0516-5951-4DE9-B07F-AD3407D8CA90}.Debug|x86.ActiveCfg = Debug|iPhoneSimulator
		{B67D0516-5951-4DE9-B07F-AD3407D8CA90}.Debug|x86.Build.0 = Debug|iPhoneSimulator
		{B67D0516-5951-4DE9-B07F-AD3407D8CA90}.Release|Any CPU.ActiveCfg = Release|iPhone
		{B67D0516-5951-4DE9-B07F-AD3407D8CA90}.Release|ARM.ActiveCfg = Release|iPhone
		{B67D0516-5951-4DE9-B07F-AD3407D8CA90}.Release|ARM.Build.0 = Release|iPhone
		{B67D0516-5951-4DE9-B07F-AD3407D8CA90}.Release|iPhone.ActiveCfg = Release|iPhone
		{B67D0516-5951-4DE9-B07F-AD3407D8CA90}.Release|iPhone.Build.0 = Release|iPhone
		{B67D0516-5951-4DE9-B07F-AD3407D8CA90}.Release|iPhoneSimulator.ActiveCfg = Release|iPhoneSimulator
		{B67D0516-5951-4DE9-B07F-AD3407D8CA90}.Release|iPhoneSimulator.Build.0 = Release|iPhoneSimulator
		{B67D0516-5951-4DE9-B07F-AD3407D8CA90}.Release|x64.ActiveCfg = Release|iPhone
		{B67D0516-5951-4DE9-B07F-AD3407D8CA90}.Release|x64.Build.0 = Release|iPhone
		{B67D0516-5951-4DE9-B07F-AD3407D8CA90}.Release|x86.ActiveCfg = Release|iPhone
		{B67D0516-5951-4DE9-B07F-AD3407D8CA90}.Release|x86.Build.0 = Release|iPhone
		{087DE224-30F0-4FEF-A960-F93F04182BA6}.Debug|Any CPU.ActiveCfg = Debug|Any CPU
		{087DE224-30F0-4FEF-A960-F93F04182BA6}.Debug|ARM.ActiveCfg = Debug|Any CPU
		{087DE224-30F0-4FEF-A960-F93F04182BA6}.Debug|ARM.Build.0 = Debug|Any CPU
		{087DE224-30F0-4FEF-A960-F93F04182BA6}.Debug|iPhone.ActiveCfg = Debug|Any CPU
		{087DE224-30F0-4FEF-A960-F93F04182BA6}.Debug|iPhone.Build.0 = Debug|Any CPU
		{087DE224-30F0-4FEF-A960-F93F04182BA6}.Debug|iPhoneSimulator.ActiveCfg = Debug|Any CPU
		{087DE224-30F0-4FEF-A960-F93F04182BA6}.Debug|iPhoneSimulator.Build.0 = Debug|Any CPU
		{087DE224-30F0-4FEF-A960-F93F04182BA6}.Debug|x64.ActiveCfg = Debug|Any CPU
		{087DE224-30F0-4FEF-A960-F93F04182BA6}.Debug|x64.Build.0 = Debug|Any CPU
		{087DE224-30F0-4FEF-A960-F93F04182BA6}.Debug|x86.ActiveCfg = Debug|Any CPU
		{087DE224-30F0-4FEF-A960-F93F04182BA6}.Debug|x86.Build.0 = Debug|Any CPU
		{087DE224-30F0-4FEF-A960-F93F04182BA6}.Release|Any CPU.ActiveCfg = Release|Any CPU
		{087DE224-30F0-4FEF-A960-F93F04182BA6}.Release|ARM.ActiveCfg = Release|Any CPU
		{087DE224-30F0-4FEF-A960-F93F04182BA6}.Release|ARM.Build.0 = Release|Any CPU
		{087DE224-30F0-4FEF-A960-F93F04182BA6}.Release|iPhone.ActiveCfg = Release|Any CPU
		{087DE224-30F0-4FEF-A960-F93F04182BA6}.Release|iPhone.Build.0 = Release|Any CPU
		{087DE224-30F0-4FEF-A960-F93F04182BA6}.Release|iPhoneSimulator.ActiveCfg = Release|Any CPU
		{087DE224-30F0-4FEF-A960-F93F04182BA6}.Release|iPhoneSimulator.Build.0 = Release|Any CPU
		{087DE224-30F0-4FEF-A960-F93F04182BA6}.Release|x64.ActiveCfg = Release|Any CPU
		{087DE224-30F0-4FEF-A960-F93F04182BA6}.Release|x64.Build.0 = Release|Any CPU
		{087DE224-30F0-4FEF-A960-F93F04182BA6}.Release|x86.ActiveCfg = Release|Any CPU
		{087DE224-30F0-4FEF-A960-F93F04182BA6}.Release|x86.Build.0 = Release|Any CPU
		{A3760566-B91D-435F-94A6-31ADF4C7812F}.Debug|Any CPU.ActiveCfg = Debug|Any CPU
		{A3760566-B91D-435F-94A6-31ADF4C7812F}.Debug|ARM.ActiveCfg = Debug|Any CPU
		{A3760566-B91D-435F-94A6-31ADF4C7812F}.Debug|ARM.Build.0 = Debug|Any CPU
		{A3760566-B91D-435F-94A6-31ADF4C7812F}.Debug|iPhone.ActiveCfg = Debug|Any CPU
		{A3760566-B91D-435F-94A6-31ADF4C7812F}.Debug|iPhone.Build.0 = Debug|Any CPU
		{A3760566-B91D-435F-94A6-31ADF4C7812F}.Debug|iPhoneSimulator.ActiveCfg = Debug|Any CPU
		{A3760566-B91D-435F-94A6-31ADF4C7812F}.Debug|iPhoneSimulator.Build.0 = Debug|Any CPU
		{A3760566-B91D-435F-94A6-31ADF4C7812F}.Debug|x64.ActiveCfg = Debug|Any CPU
		{A3760566-B91D-435F-94A6-31ADF4C7812F}.Debug|x64.Build.0 = Debug|Any CPU
		{A3760566-B91D-435F-94A6-31ADF4C7812F}.Debug|x86.ActiveCfg = Debug|Any CPU
		{A3760566-B91D-435F-94A6-31ADF4C7812F}.Debug|x86.Build.0 = Debug|Any CPU
		{A3760566-B91D-435F-94A6-31ADF4C7812F}.Release|Any CPU.ActiveCfg = Release|Any CPU
		{A3760566-B91D-435F-94A6-31ADF4C7812F}.Release|ARM.ActiveCfg = Release|Any CPU
		{A3760566-B91D-435F-94A6-31ADF4C7812F}.Release|ARM.Build.0 = Release|Any CPU
		{A3760566-B91D-435F-94A6-31ADF4C7812F}.Release|iPhone.ActiveCfg = Release|Any CPU
		{A3760566-B91D-435F-94A6-31ADF4C7812F}.Release|iPhone.Build.0 = Release|Any CPU
		{A3760566-B91D-435F-94A6-31ADF4C7812F}.Release|iPhoneSimulator.ActiveCfg = Release|Any CPU
		{A3760566-B91D-435F-94A6-31ADF4C7812F}.Release|iPhoneSimulator.Build.0 = Release|Any CPU
		{A3760566-B91D-435F-94A6-31ADF4C7812F}.Release|x64.ActiveCfg = Release|Any CPU
		{A3760566-B91D-435F-94A6-31ADF4C7812F}.Release|x64.Build.0 = Release|Any CPU
		{A3760566-B91D-435F-94A6-31ADF4C7812F}.Release|x86.ActiveCfg = Release|Any CPU
		{A3760566-B91D-435F-94A6-31ADF4C7812F}.Release|x86.Build.0 = Release|Any CPU
		{8701A65C-0F63-4BE7-B3F7-D2365BB6366E}.Debug|Any CPU.ActiveCfg = Debug|iPhoneSimulator
		{8701A65C-0F63-4BE7-B3F7-D2365BB6366E}.Debug|ARM.ActiveCfg = Debug|iPhoneSimulator
		{8701A65C-0F63-4BE7-B3F7-D2365BB6366E}.Debug|ARM.Build.0 = Debug|iPhoneSimulator
		{8701A65C-0F63-4BE7-B3F7-D2365BB6366E}.Debug|iPhone.ActiveCfg = Debug|iPhone
		{8701A65C-0F63-4BE7-B3F7-D2365BB6366E}.Debug|iPhone.Build.0 = Debug|iPhone
		{8701A65C-0F63-4BE7-B3F7-D2365BB6366E}.Debug|iPhoneSimulator.ActiveCfg = Debug|iPhoneSimulator
		{8701A65C-0F63-4BE7-B3F7-D2365BB6366E}.Debug|iPhoneSimulator.Build.0 = Debug|iPhoneSimulator
		{8701A65C-0F63-4BE7-B3F7-D2365BB6366E}.Debug|x64.ActiveCfg = Debug|iPhoneSimulator
		{8701A65C-0F63-4BE7-B3F7-D2365BB6366E}.Debug|x64.Build.0 = Debug|iPhoneSimulator
		{8701A65C-0F63-4BE7-B3F7-D2365BB6366E}.Debug|x86.ActiveCfg = Debug|iPhoneSimulator
		{8701A65C-0F63-4BE7-B3F7-D2365BB6366E}.Debug|x86.Build.0 = Debug|iPhoneSimulator
		{8701A65C-0F63-4BE7-B3F7-D2365BB6366E}.Release|Any CPU.ActiveCfg = Release|iPhone
		{8701A65C-0F63-4BE7-B3F7-D2365BB6366E}.Release|ARM.ActiveCfg = Release|iPhone
		{8701A65C-0F63-4BE7-B3F7-D2365BB6366E}.Release|ARM.Build.0 = Release|iPhone
		{8701A65C-0F63-4BE7-B3F7-D2365BB6366E}.Release|iPhone.ActiveCfg = Release|iPhone
		{8701A65C-0F63-4BE7-B3F7-D2365BB6366E}.Release|iPhone.Build.0 = Release|iPhone
		{8701A65C-0F63-4BE7-B3F7-D2365BB6366E}.Release|iPhoneSimulator.ActiveCfg = Release|iPhoneSimulator
		{8701A65C-0F63-4BE7-B3F7-D2365BB6366E}.Release|iPhoneSimulator.Build.0 = Release|iPhoneSimulator
		{8701A65C-0F63-4BE7-B3F7-D2365BB6366E}.Release|x64.ActiveCfg = Release|iPhone
		{8701A65C-0F63-4BE7-B3F7-D2365BB6366E}.Release|x64.Build.0 = Release|iPhone
		{8701A65C-0F63-4BE7-B3F7-D2365BB6366E}.Release|x86.ActiveCfg = Release|iPhone
		{8701A65C-0F63-4BE7-B3F7-D2365BB6366E}.Release|x86.Build.0 = Release|iPhone
		{75D24499-446D-47DD-9C9A-295E40010CF1}.Debug|Any CPU.ActiveCfg = Debug|Any CPU
		{75D24499-446D-47DD-9C9A-295E40010CF1}.Debug|Any CPU.Build.0 = Debug|Any CPU
		{75D24499-446D-47DD-9C9A-295E40010CF1}.Debug|ARM.ActiveCfg = Debug|Any CPU
		{75D24499-446D-47DD-9C9A-295E40010CF1}.Debug|ARM.Build.0 = Debug|Any CPU
		{75D24499-446D-47DD-9C9A-295E40010CF1}.Debug|iPhone.ActiveCfg = Debug|Any CPU
		{75D24499-446D-47DD-9C9A-295E40010CF1}.Debug|iPhone.Build.0 = Debug|Any CPU
		{75D24499-446D-47DD-9C9A-295E40010CF1}.Debug|iPhoneSimulator.ActiveCfg = Debug|Any CPU
		{75D24499-446D-47DD-9C9A-295E40010CF1}.Debug|iPhoneSimulator.Build.0 = Debug|Any CPU
		{75D24499-446D-47DD-9C9A-295E40010CF1}.Debug|x64.ActiveCfg = Debug|Any CPU
		{75D24499-446D-47DD-9C9A-295E40010CF1}.Debug|x64.Build.0 = Debug|Any CPU
		{75D24499-446D-47DD-9C9A-295E40010CF1}.Debug|x86.ActiveCfg = Debug|Any CPU
		{75D24499-446D-47DD-9C9A-295E40010CF1}.Debug|x86.Build.0 = Debug|Any CPU
		{75D24499-446D-47DD-9C9A-295E40010CF1}.Release|Any CPU.ActiveCfg = Release|Any CPU
		{75D24499-446D-47DD-9C9A-295E40010CF1}.Release|ARM.ActiveCfg = Release|Any CPU
		{75D24499-446D-47DD-9C9A-295E40010CF1}.Release|ARM.Build.0 = Release|Any CPU
		{75D24499-446D-47DD-9C9A-295E40010CF1}.Release|iPhone.ActiveCfg = Release|Any CPU
		{75D24499-446D-47DD-9C9A-295E40010CF1}.Release|iPhone.Build.0 = Release|Any CPU
		{75D24499-446D-47DD-9C9A-295E40010CF1}.Release|iPhoneSimulator.ActiveCfg = Release|Any CPU
		{75D24499-446D-47DD-9C9A-295E40010CF1}.Release|iPhoneSimulator.Build.0 = Release|Any CPU
		{75D24499-446D-47DD-9C9A-295E40010CF1}.Release|x64.ActiveCfg = Release|Any CPU
		{75D24499-446D-47DD-9C9A-295E40010CF1}.Release|x64.Build.0 = Release|Any CPU
		{75D24499-446D-47DD-9C9A-295E40010CF1}.Release|x86.ActiveCfg = Release|Any CPU
		{75D24499-446D-47DD-9C9A-295E40010CF1}.Release|x86.Build.0 = Release|Any CPU
		{844EF512-7E52-4515-AC00-5FF50800F2B5}.Debug|Any CPU.ActiveCfg = Debug|Any CPU
		{844EF512-7E52-4515-AC00-5FF50800F2B5}.Debug|Any CPU.Build.0 = Debug|Any CPU
		{844EF512-7E52-4515-AC00-5FF50800F2B5}.Debug|ARM.ActiveCfg = Debug|Any CPU
		{844EF512-7E52-4515-AC00-5FF50800F2B5}.Debug|ARM.Build.0 = Debug|Any CPU
		{844EF512-7E52-4515-AC00-5FF50800F2B5}.Debug|iPhone.ActiveCfg = Debug|Any CPU
		{844EF512-7E52-4515-AC00-5FF50800F2B5}.Debug|iPhone.Build.0 = Debug|Any CPU
		{844EF512-7E52-4515-AC00-5FF50800F2B5}.Debug|iPhoneSimulator.ActiveCfg = Debug|Any CPU
		{844EF512-7E52-4515-AC00-5FF50800F2B5}.Debug|iPhoneSimulator.Build.0 = Debug|Any CPU
		{844EF512-7E52-4515-AC00-5FF50800F2B5}.Debug|x64.ActiveCfg = Debug|Any CPU
		{844EF512-7E52-4515-AC00-5FF50800F2B5}.Debug|x64.Build.0 = Debug|Any CPU
		{844EF512-7E52-4515-AC00-5FF50800F2B5}.Debug|x86.ActiveCfg = Debug|Any CPU
		{844EF512-7E52-4515-AC00-5FF50800F2B5}.Debug|x86.Build.0 = Debug|Any CPU
		{844EF512-7E52-4515-AC00-5FF50800F2B5}.Release|Any CPU.ActiveCfg = Release|Any CPU
		{844EF512-7E52-4515-AC00-5FF50800F2B5}.Release|Any CPU.Build.0 = Release|Any CPU
		{844EF512-7E52-4515-AC00-5FF50800F2B5}.Release|ARM.ActiveCfg = Release|Any CPU
		{844EF512-7E52-4515-AC00-5FF50800F2B5}.Release|ARM.Build.0 = Release|Any CPU
		{844EF512-7E52-4515-AC00-5FF50800F2B5}.Release|iPhone.ActiveCfg = Release|Any CPU
		{844EF512-7E52-4515-AC00-5FF50800F2B5}.Release|iPhone.Build.0 = Release|Any CPU
		{844EF512-7E52-4515-AC00-5FF50800F2B5}.Release|iPhoneSimulator.ActiveCfg = Release|Any CPU
		{844EF512-7E52-4515-AC00-5FF50800F2B5}.Release|iPhoneSimulator.Build.0 = Release|Any CPU
		{844EF512-7E52-4515-AC00-5FF50800F2B5}.Release|x64.ActiveCfg = Release|Any CPU
		{844EF512-7E52-4515-AC00-5FF50800F2B5}.Release|x64.Build.0 = Release|Any CPU
		{844EF512-7E52-4515-AC00-5FF50800F2B5}.Release|x86.ActiveCfg = Release|Any CPU
		{844EF512-7E52-4515-AC00-5FF50800F2B5}.Release|x86.Build.0 = Release|Any CPU
		{26980B5F-05B3-4070-A2A7-28749166E44C}.Debug|Any CPU.ActiveCfg = Debug|Any CPU
		{26980B5F-05B3-4070-A2A7-28749166E44C}.Debug|Any CPU.Build.0 = Debug|Any CPU
		{26980B5F-05B3-4070-A2A7-28749166E44C}.Debug|ARM.ActiveCfg = Debug|Any CPU
		{26980B5F-05B3-4070-A2A7-28749166E44C}.Debug|ARM.Build.0 = Debug|Any CPU
		{26980B5F-05B3-4070-A2A7-28749166E44C}.Debug|iPhone.ActiveCfg = Debug|Any CPU
		{26980B5F-05B3-4070-A2A7-28749166E44C}.Debug|iPhone.Build.0 = Debug|Any CPU
		{26980B5F-05B3-4070-A2A7-28749166E44C}.Debug|iPhoneSimulator.ActiveCfg = Debug|Any CPU
		{26980B5F-05B3-4070-A2A7-28749166E44C}.Debug|iPhoneSimulator.Build.0 = Debug|Any CPU
		{26980B5F-05B3-4070-A2A7-28749166E44C}.Debug|x64.ActiveCfg = Debug|Any CPU
		{26980B5F-05B3-4070-A2A7-28749166E44C}.Debug|x64.Build.0 = Debug|Any CPU
		{26980B5F-05B3-4070-A2A7-28749166E44C}.Debug|x86.ActiveCfg = Debug|Any CPU
		{26980B5F-05B3-4070-A2A7-28749166E44C}.Debug|x86.Build.0 = Debug|Any CPU
		{26980B5F-05B3-4070-A2A7-28749166E44C}.Release|Any CPU.ActiveCfg = Release|Any CPU
		{26980B5F-05B3-4070-A2A7-28749166E44C}.Release|ARM.ActiveCfg = Release|Any CPU
		{26980B5F-05B3-4070-A2A7-28749166E44C}.Release|ARM.Build.0 = Release|Any CPU
		{26980B5F-05B3-4070-A2A7-28749166E44C}.Release|iPhone.ActiveCfg = Release|Any CPU
		{26980B5F-05B3-4070-A2A7-28749166E44C}.Release|iPhone.Build.0 = Release|Any CPU
		{26980B5F-05B3-4070-A2A7-28749166E44C}.Release|iPhoneSimulator.ActiveCfg = Release|Any CPU
		{26980B5F-05B3-4070-A2A7-28749166E44C}.Release|iPhoneSimulator.Build.0 = Release|Any CPU
		{26980B5F-05B3-4070-A2A7-28749166E44C}.Release|x64.ActiveCfg = Release|Any CPU
		{26980B5F-05B3-4070-A2A7-28749166E44C}.Release|x64.Build.0 = Release|Any CPU
		{26980B5F-05B3-4070-A2A7-28749166E44C}.Release|x86.ActiveCfg = Release|Any CPU
		{26980B5F-05B3-4070-A2A7-28749166E44C}.Release|x86.Build.0 = Release|Any CPU
		{01B928BA-5E3B-46C6-B172-624A60ECC534}.Debug|Any CPU.ActiveCfg = Debug|Any CPU
		{01B928BA-5E3B-46C6-B172-624A60ECC534}.Debug|ARM.ActiveCfg = Debug|Any CPU
		{01B928BA-5E3B-46C6-B172-624A60ECC534}.Debug|ARM.Build.0 = Debug|Any CPU
		{01B928BA-5E3B-46C6-B172-624A60ECC534}.Debug|iPhone.ActiveCfg = Debug|Any CPU
		{01B928BA-5E3B-46C6-B172-624A60ECC534}.Debug|iPhone.Build.0 = Debug|Any CPU
		{01B928BA-5E3B-46C6-B172-624A60ECC534}.Debug|iPhoneSimulator.ActiveCfg = Debug|Any CPU
		{01B928BA-5E3B-46C6-B172-624A60ECC534}.Debug|iPhoneSimulator.Build.0 = Debug|Any CPU
		{01B928BA-5E3B-46C6-B172-624A60ECC534}.Debug|x64.ActiveCfg = Debug|Any CPU
		{01B928BA-5E3B-46C6-B172-624A60ECC534}.Debug|x64.Build.0 = Debug|Any CPU
		{01B928BA-5E3B-46C6-B172-624A60ECC534}.Debug|x86.ActiveCfg = Debug|Any CPU
		{01B928BA-5E3B-46C6-B172-624A60ECC534}.Debug|x86.Build.0 = Debug|Any CPU
		{01B928BA-5E3B-46C6-B172-624A60ECC534}.Release|Any CPU.ActiveCfg = Release|Any CPU
		{01B928BA-5E3B-46C6-B172-624A60ECC534}.Release|ARM.ActiveCfg = Release|Any CPU
		{01B928BA-5E3B-46C6-B172-624A60ECC534}.Release|ARM.Build.0 = Release|Any CPU
		{01B928BA-5E3B-46C6-B172-624A60ECC534}.Release|iPhone.ActiveCfg = Release|Any CPU
		{01B928BA-5E3B-46C6-B172-624A60ECC534}.Release|iPhone.Build.0 = Release|Any CPU
		{01B928BA-5E3B-46C6-B172-624A60ECC534}.Release|iPhoneSimulator.ActiveCfg = Release|Any CPU
		{01B928BA-5E3B-46C6-B172-624A60ECC534}.Release|iPhoneSimulator.Build.0 = Release|Any CPU
		{01B928BA-5E3B-46C6-B172-624A60ECC534}.Release|x64.ActiveCfg = Release|Any CPU
		{01B928BA-5E3B-46C6-B172-624A60ECC534}.Release|x64.Build.0 = Release|Any CPU
		{01B928BA-5E3B-46C6-B172-624A60ECC534}.Release|x86.ActiveCfg = Release|Any CPU
		{01B928BA-5E3B-46C6-B172-624A60ECC534}.Release|x86.Build.0 = Release|Any CPU
		{8A21BBDD-F3BA-4966-8E5F-A65D4EAE7F2B}.Debug|Any CPU.ActiveCfg = Debug|Any CPU
		{8A21BBDD-F3BA-4966-8E5F-A65D4EAE7F2B}.Debug|Any CPU.Build.0 = Debug|Any CPU
		{8A21BBDD-F3BA-4966-8E5F-A65D4EAE7F2B}.Debug|ARM.ActiveCfg = Debug|Any CPU
		{8A21BBDD-F3BA-4966-8E5F-A65D4EAE7F2B}.Debug|ARM.Build.0 = Debug|Any CPU
		{8A21BBDD-F3BA-4966-8E5F-A65D4EAE7F2B}.Debug|iPhone.ActiveCfg = Debug|Any CPU
		{8A21BBDD-F3BA-4966-8E5F-A65D4EAE7F2B}.Debug|iPhone.Build.0 = Debug|Any CPU
		{8A21BBDD-F3BA-4966-8E5F-A65D4EAE7F2B}.Debug|iPhoneSimulator.ActiveCfg = Debug|Any CPU
		{8A21BBDD-F3BA-4966-8E5F-A65D4EAE7F2B}.Debug|iPhoneSimulator.Build.0 = Debug|Any CPU
		{8A21BBDD-F3BA-4966-8E5F-A65D4EAE7F2B}.Debug|x64.ActiveCfg = Debug|Any CPU
		{8A21BBDD-F3BA-4966-8E5F-A65D4EAE7F2B}.Debug|x64.Build.0 = Debug|Any CPU
		{8A21BBDD-F3BA-4966-8E5F-A65D4EAE7F2B}.Debug|x86.ActiveCfg = Debug|Any CPU
		{8A21BBDD-F3BA-4966-8E5F-A65D4EAE7F2B}.Debug|x86.Build.0 = Debug|Any CPU
		{8A21BBDD-F3BA-4966-8E5F-A65D4EAE7F2B}.Release|Any CPU.ActiveCfg = Release|Any CPU
		{8A21BBDD-F3BA-4966-8E5F-A65D4EAE7F2B}.Release|ARM.ActiveCfg = Release|Any CPU
		{8A21BBDD-F3BA-4966-8E5F-A65D4EAE7F2B}.Release|ARM.Build.0 = Release|Any CPU
		{8A21BBDD-F3BA-4966-8E5F-A65D4EAE7F2B}.Release|iPhone.ActiveCfg = Release|Any CPU
		{8A21BBDD-F3BA-4966-8E5F-A65D4EAE7F2B}.Release|iPhone.Build.0 = Release|Any CPU
		{8A21BBDD-F3BA-4966-8E5F-A65D4EAE7F2B}.Release|iPhoneSimulator.ActiveCfg = Release|Any CPU
		{8A21BBDD-F3BA-4966-8E5F-A65D4EAE7F2B}.Release|iPhoneSimulator.Build.0 = Release|Any CPU
		{8A21BBDD-F3BA-4966-8E5F-A65D4EAE7F2B}.Release|x64.ActiveCfg = Release|Any CPU
		{8A21BBDD-F3BA-4966-8E5F-A65D4EAE7F2B}.Release|x64.Build.0 = Release|Any CPU
		{8A21BBDD-F3BA-4966-8E5F-A65D4EAE7F2B}.Release|x86.ActiveCfg = Release|Any CPU
		{8A21BBDD-F3BA-4966-8E5F-A65D4EAE7F2B}.Release|x86.Build.0 = Release|Any CPU
		{8E16617A-EA87-4E8D-8CD1-AD5E6D73188F}.Debug|Any CPU.ActiveCfg = Debug|x86
		{8E16617A-EA87-4E8D-8CD1-AD5E6D73188F}.Debug|Any CPU.Build.0 = Debug|x86
		{8E16617A-EA87-4E8D-8CD1-AD5E6D73188F}.Debug|Any CPU.Deploy.0 = Debug|x86
		{8E16617A-EA87-4E8D-8CD1-AD5E6D73188F}.Debug|ARM.ActiveCfg = Debug|ARM
		{8E16617A-EA87-4E8D-8CD1-AD5E6D73188F}.Debug|ARM.Build.0 = Debug|ARM
		{8E16617A-EA87-4E8D-8CD1-AD5E6D73188F}.Debug|ARM.Deploy.0 = Debug|ARM
		{8E16617A-EA87-4E8D-8CD1-AD5E6D73188F}.Debug|iPhone.ActiveCfg = Debug|x86
		{8E16617A-EA87-4E8D-8CD1-AD5E6D73188F}.Debug|iPhoneSimulator.ActiveCfg = Debug|x86
		{8E16617A-EA87-4E8D-8CD1-AD5E6D73188F}.Debug|x64.ActiveCfg = Debug|x64
		{8E16617A-EA87-4E8D-8CD1-AD5E6D73188F}.Debug|x64.Build.0 = Debug|x64
		{8E16617A-EA87-4E8D-8CD1-AD5E6D73188F}.Debug|x64.Deploy.0 = Debug|x64
		{8E16617A-EA87-4E8D-8CD1-AD5E6D73188F}.Debug|x86.ActiveCfg = Debug|x86
		{8E16617A-EA87-4E8D-8CD1-AD5E6D73188F}.Debug|x86.Build.0 = Debug|x86
		{8E16617A-EA87-4E8D-8CD1-AD5E6D73188F}.Debug|x86.Deploy.0 = Debug|x86
		{8E16617A-EA87-4E8D-8CD1-AD5E6D73188F}.Release|Any CPU.ActiveCfg = Release|x86
		{8E16617A-EA87-4E8D-8CD1-AD5E6D73188F}.Release|ARM.ActiveCfg = Release|ARM
		{8E16617A-EA87-4E8D-8CD1-AD5E6D73188F}.Release|ARM.Build.0 = Release|ARM
		{8E16617A-EA87-4E8D-8CD1-AD5E6D73188F}.Release|ARM.Deploy.0 = Release|ARM
		{8E16617A-EA87-4E8D-8CD1-AD5E6D73188F}.Release|iPhone.ActiveCfg = Release|x86
		{8E16617A-EA87-4E8D-8CD1-AD5E6D73188F}.Release|iPhoneSimulator.ActiveCfg = Release|x86
		{8E16617A-EA87-4E8D-8CD1-AD5E6D73188F}.Release|x64.ActiveCfg = Release|x64
		{8E16617A-EA87-4E8D-8CD1-AD5E6D73188F}.Release|x64.Build.0 = Release|x64
		{8E16617A-EA87-4E8D-8CD1-AD5E6D73188F}.Release|x64.Deploy.0 = Release|x64
		{8E16617A-EA87-4E8D-8CD1-AD5E6D73188F}.Release|x86.ActiveCfg = Release|x86
		{8E16617A-EA87-4E8D-8CD1-AD5E6D73188F}.Release|x86.Build.0 = Release|x86
		{8E16617A-EA87-4E8D-8CD1-AD5E6D73188F}.Release|x86.Deploy.0 = Release|x86
		{9DA44ABC-686C-4AE5-AB3F-19C01BAC279F}.Debug|Any CPU.ActiveCfg = Debug|Any CPU
		{9DA44ABC-686C-4AE5-AB3F-19C01BAC279F}.Debug|Any CPU.Build.0 = Debug|Any CPU
		{9DA44ABC-686C-4AE5-AB3F-19C01BAC279F}.Debug|ARM.ActiveCfg = Debug|Any CPU
		{9DA44ABC-686C-4AE5-AB3F-19C01BAC279F}.Debug|ARM.Build.0 = Debug|Any CPU
		{9DA44ABC-686C-4AE5-AB3F-19C01BAC279F}.Debug|iPhone.ActiveCfg = Debug|Any CPU
		{9DA44ABC-686C-4AE5-AB3F-19C01BAC279F}.Debug|iPhone.Build.0 = Debug|Any CPU
		{9DA44ABC-686C-4AE5-AB3F-19C01BAC279F}.Debug|iPhoneSimulator.ActiveCfg = Debug|Any CPU
		{9DA44ABC-686C-4AE5-AB3F-19C01BAC279F}.Debug|iPhoneSimulator.Build.0 = Debug|Any CPU
		{9DA44ABC-686C-4AE5-AB3F-19C01BAC279F}.Debug|x64.ActiveCfg = Debug|Any CPU
		{9DA44ABC-686C-4AE5-AB3F-19C01BAC279F}.Debug|x64.Build.0 = Debug|Any CPU
		{9DA44ABC-686C-4AE5-AB3F-19C01BAC279F}.Debug|x86.ActiveCfg = Debug|Any CPU
		{9DA44ABC-686C-4AE5-AB3F-19C01BAC279F}.Debug|x86.Build.0 = Debug|Any CPU
		{9DA44ABC-686C-4AE5-AB3F-19C01BAC279F}.Release|Any CPU.ActiveCfg = Release|Any CPU
		{9DA44ABC-686C-4AE5-AB3F-19C01BAC279F}.Release|Any CPU.Build.0 = Release|Any CPU
		{9DA44ABC-686C-4AE5-AB3F-19C01BAC279F}.Release|ARM.ActiveCfg = Release|Any CPU
		{9DA44ABC-686C-4AE5-AB3F-19C01BAC279F}.Release|ARM.Build.0 = Release|Any CPU
		{9DA44ABC-686C-4AE5-AB3F-19C01BAC279F}.Release|iPhone.ActiveCfg = Release|Any CPU
		{9DA44ABC-686C-4AE5-AB3F-19C01BAC279F}.Release|iPhone.Build.0 = Release|Any CPU
		{9DA44ABC-686C-4AE5-AB3F-19C01BAC279F}.Release|iPhoneSimulator.ActiveCfg = Release|Any CPU
		{9DA44ABC-686C-4AE5-AB3F-19C01BAC279F}.Release|iPhoneSimulator.Build.0 = Release|Any CPU
		{9DA44ABC-686C-4AE5-AB3F-19C01BAC279F}.Release|x64.ActiveCfg = Release|Any CPU
		{9DA44ABC-686C-4AE5-AB3F-19C01BAC279F}.Release|x64.Build.0 = Release|Any CPU
		{9DA44ABC-686C-4AE5-AB3F-19C01BAC279F}.Release|x86.ActiveCfg = Release|Any CPU
		{9DA44ABC-686C-4AE5-AB3F-19C01BAC279F}.Release|x86.Build.0 = Release|Any CPU
		{1C7FC7B7-C0A1-4E70-B9D4-F07E1DC61FDB}.Debug|Any CPU.ActiveCfg = Debug|Any CPU
		{1C7FC7B7-C0A1-4E70-B9D4-F07E1DC61FDB}.Debug|Any CPU.Build.0 = Debug|Any CPU
		{1C7FC7B7-C0A1-4E70-B9D4-F07E1DC61FDB}.Debug|ARM.ActiveCfg = Debug|Any CPU
		{1C7FC7B7-C0A1-4E70-B9D4-F07E1DC61FDB}.Debug|ARM.Build.0 = Debug|Any CPU
		{1C7FC7B7-C0A1-4E70-B9D4-F07E1DC61FDB}.Debug|iPhone.ActiveCfg = Debug|Any CPU
		{1C7FC7B7-C0A1-4E70-B9D4-F07E1DC61FDB}.Debug|iPhone.Build.0 = Debug|Any CPU
		{1C7FC7B7-C0A1-4E70-B9D4-F07E1DC61FDB}.Debug|iPhoneSimulator.ActiveCfg = Debug|Any CPU
		{1C7FC7B7-C0A1-4E70-B9D4-F07E1DC61FDB}.Debug|iPhoneSimulator.Build.0 = Debug|Any CPU
		{1C7FC7B7-C0A1-4E70-B9D4-F07E1DC61FDB}.Debug|x64.ActiveCfg = Debug|Any CPU
		{1C7FC7B7-C0A1-4E70-B9D4-F07E1DC61FDB}.Debug|x64.Build.0 = Debug|Any CPU
		{1C7FC7B7-C0A1-4E70-B9D4-F07E1DC61FDB}.Debug|x86.ActiveCfg = Debug|Any CPU
		{1C7FC7B7-C0A1-4E70-B9D4-F07E1DC61FDB}.Debug|x86.Build.0 = Debug|Any CPU
		{1C7FC7B7-C0A1-4E70-B9D4-F07E1DC61FDB}.Release|Any CPU.ActiveCfg = Release|Any CPU
		{1C7FC7B7-C0A1-4E70-B9D4-F07E1DC61FDB}.Release|Any CPU.Build.0 = Release|Any CPU
		{1C7FC7B7-C0A1-4E70-B9D4-F07E1DC61FDB}.Release|ARM.ActiveCfg = Release|Any CPU
		{1C7FC7B7-C0A1-4E70-B9D4-F07E1DC61FDB}.Release|ARM.Build.0 = Release|Any CPU
		{1C7FC7B7-C0A1-4E70-B9D4-F07E1DC61FDB}.Release|iPhone.ActiveCfg = Release|Any CPU
		{1C7FC7B7-C0A1-4E70-B9D4-F07E1DC61FDB}.Release|iPhone.Build.0 = Release|Any CPU
		{1C7FC7B7-C0A1-4E70-B9D4-F07E1DC61FDB}.Release|iPhoneSimulator.ActiveCfg = Release|Any CPU
		{1C7FC7B7-C0A1-4E70-B9D4-F07E1DC61FDB}.Release|iPhoneSimulator.Build.0 = Release|Any CPU
		{1C7FC7B7-C0A1-4E70-B9D4-F07E1DC61FDB}.Release|x64.ActiveCfg = Release|Any CPU
		{1C7FC7B7-C0A1-4E70-B9D4-F07E1DC61FDB}.Release|x64.Build.0 = Release|Any CPU
		{1C7FC7B7-C0A1-4E70-B9D4-F07E1DC61FDB}.Release|x86.ActiveCfg = Release|Any CPU
		{1C7FC7B7-C0A1-4E70-B9D4-F07E1DC61FDB}.Release|x86.Build.0 = Release|Any CPU
	EndGlobalSection
	GlobalSection(SolutionProperties) = preSolution
		HideSolutionNode = FALSE
	EndGlobalSection
	GlobalSection(NestedProjects) = preSolution
		{F898A684-E9C1-4154-9F80-6037287233F5} = {B48F3C95-B33F-4EF5-B223-06356D749A80}
		{9F816002-DBA1-4175-A0CA-0DFD9E086786} = {B48F3C95-B33F-4EF5-B223-06356D749A80}
		{626BF52A-2C8A-4E1E-AFE5-2EA3903FFBDF} = {B48F3C95-B33F-4EF5-B223-06356D749A80}
		{3A682234-5918-4F58-B02B-598A59C6A7BD} = {B48F3C95-B33F-4EF5-B223-06356D749A80}
		{4B964916-47F4-4876-8A6B-9048B8A0D148} = {B48F3C95-B33F-4EF5-B223-06356D749A80}
		{B67D0516-5951-4DE9-B07F-AD3407D8CA90} = {B48F3C95-B33F-4EF5-B223-06356D749A80}
		{087DE224-30F0-4FEF-A960-F93F04182BA6} = {B48F3C95-B33F-4EF5-B223-06356D749A80}
		{A3760566-B91D-435F-94A6-31ADF4C7812F} = {B48F3C95-B33F-4EF5-B223-06356D749A80}
		{8701A65C-0F63-4BE7-B3F7-D2365BB6366E} = {B48F3C95-B33F-4EF5-B223-06356D749A80}
		{75D24499-446D-47DD-9C9A-295E40010CF1} = {B48F3C95-B33F-4EF5-B223-06356D749A80}
		{26980B5F-05B3-4070-A2A7-28749166E44C} = {B48F3C95-B33F-4EF5-B223-06356D749A80}
		{01B928BA-5E3B-46C6-B172-624A60ECC534} = {B48F3C95-B33F-4EF5-B223-06356D749A80}
		{8A21BBDD-F3BA-4966-8E5F-A65D4EAE7F2B} = {B48F3C95-B33F-4EF5-B223-06356D749A80}
		{8E16617A-EA87-4E8D-8CD1-AD5E6D73188F} = {B48F3C95-B33F-4EF5-B223-06356D749A80}
		{9DA44ABC-686C-4AE5-AB3F-19C01BAC279F} = {B48F3C95-B33F-4EF5-B223-06356D749A80}
	EndGlobalSection
	GlobalSection(ExtensibilityGlobals) = postSolution
		SolutionGuid = {4BF56189-8DC5-41A9-9440-3C7B9F57E151}
	EndGlobalSection
EndGlobal
