
Microsoft Visual Studio Solution File, Format Version 12.00
# Visual Studio Version 17
VisualStudioVersion = 17.4.33213.308
MinimumVisualStudioVersion = 10.0.40219.1
Project("{9A19103F-16F7-4668-BE54-9A1E7A4F7556}") = "FFImageLoading", "source\FFImageLoading\FFImageLoading.csproj", "{1F0E198C-C084-4DF6-92ED-5F2108780FF8}"
EndProject
Project("{9A19103F-16F7-4668-BE54-9A1E7A4F7556}") = "FFImageLoading.Transformations", "source\FFImageLoading.Transformations\FFImageLoading.Transformations.csproj", "{698F59B4-B671-4DA8-BB10-430A15174AF5}"
EndProject
Project("{9A19103F-16F7-4668-BE54-9A1E7A4F7556}") = "FFImageLoading.Svg", "source\FFImageLoading.Svg\FFImageLoading.Svg.csproj", "{56CAF229-F123-4F4A-8F7F-16B585FBD1A7}"
EndProject
Project("{9A19103F-16F7-4668-BE54-9A1E7A4F7556}") = "FFImageLoading.Maui", "source\FFImageLoading.Maui\FFImageLoading.Maui.csproj", "{C5D3816E-BCF1-4387-8EFD-300C90A808CA}"
EndProject
Project("{9A19103F-16F7-4668-BE54-9A1E7A4F7556}") = "FFImageLoading.Svg.Maui", "source\FFImageLoading.Svg.Maui\FFImageLoading.Svg.Maui.csproj", "{C81D0B99-E39C-483E-B78B-33C979DAF250}"
EndProject
Project("{9A19103F-16F7-4668-BE54-9A1E7A4F7556}") = "FFImageLoading.Tests", "source\Tests\FFImageLoading.Tests.csproj", "{90F7696E-24DF-4F71-A866-AC8AD0C2EF32}"
EndProject
Project("{FAE04EC0-301F-11D3-BF4B-00C04F79EFBC}") = "Sample", "samples\Sample\Sample.csproj", "{3958DC96-3E5B-4D89-BC3F-8E6634FF5766}"
EndProject
Global
	GlobalSection(SolutionConfigurationPlatforms) = preSolution
		Debug|Any CPU = Debug|Any CPU
		Release|Any CPU = Release|Any CPU
	EndGlobalSection
	GlobalSection(ProjectConfigurationPlatforms) = postSolution
		{1F0E198C-C084-4DF6-92ED-5F2108780FF8}.Debug|Any CPU.ActiveCfg = Debug|Any CPU
		{1F0E198C-C084-4DF6-92ED-5F2108780FF8}.Debug|Any CPU.Build.0 = Debug|Any CPU
		{1F0E198C-C084-4DF6-92ED-5F2108780FF8}.Release|Any CPU.ActiveCfg = Release|Any CPU
		{1F0E198C-C084-4DF6-92ED-5F2108780FF8}.Release|Any CPU.Build.0 = Release|Any CPU
		{698F59B4-B671-4DA8-BB10-430A15174AF5}.Debug|Any CPU.ActiveCfg = Debug|Any CPU
		{698F59B4-B671-4DA8-BB10-430A15174AF5}.Debug|Any CPU.Build.0 = Debug|Any CPU
		{698F59B4-B671-4DA8-BB10-430A15174AF5}.Release|Any CPU.ActiveCfg = Release|Any CPU
		{698F59B4-B671-4DA8-BB10-430A15174AF5}.Release|Any CPU.Build.0 = Release|Any CPU
		{56CAF229-F123-4F4A-8F7F-16B585FBD1A7}.Debug|Any CPU.ActiveCfg = Debug|Any CPU
		{56CAF229-F123-4F4A-8F7F-16B585FBD1A7}.Debug|Any CPU.Build.0 = Debug|Any CPU
		{56CAF229-F123-4F4A-8F7F-16B585FBD1A7}.Release|Any CPU.ActiveCfg = Release|Any CPU
		{56CAF229-F123-4F4A-8F7F-16B585FBD1A7}.Release|Any CPU.Build.0 = Release|Any CPU
		{C5D3816E-BCF1-4387-8EFD-300C90A808CA}.Debug|Any CPU.ActiveCfg = Debug|Any CPU
		{C5D3816E-BCF1-4387-8EFD-300C90A808CA}.Debug|Any CPU.Build.0 = Debug|Any CPU
		{C5D3816E-BCF1-4387-8EFD-300C90A808CA}.Release|Any CPU.ActiveCfg = Release|Any CPU
		{C5D3816E-BCF1-4387-8EFD-300C90A808CA}.Release|Any CPU.Build.0 = Release|Any CPU
		{C81D0B99-E39C-483E-B78B-33C979DAF250}.Debug|Any CPU.ActiveCfg = Debug|Any CPU
		{C81D0B99-E39C-483E-B78B-33C979DAF250}.Debug|Any CPU.Build.0 = Debug|Any CPU
		{C81D0B99-E39C-483E-B78B-33C979DAF250}.Release|Any CPU.ActiveCfg = Release|Any CPU
		{C81D0B99-E39C-483E-B78B-33C979DAF250}.Release|Any CPU.Build.0 = Release|Any CPU
		{90F7696E-24DF-4F71-A866-AC8AD0C2EF32}.Debug|Any CPU.ActiveCfg = Debug|Any CPU
		{90F7696E-24DF-4F71-A866-AC8AD0C2EF32}.Debug|Any CPU.Build.0 = Debug|Any CPU
		{90F7696E-24DF-4F71-A866-AC8AD0C2EF32}.Release|Any CPU.ActiveCfg = Release|Any CPU
		{90F7696E-24DF-4F71-A866-AC8AD0C2EF32}.Release|Any CPU.Build.0 = Release|Any CPU
		{3958DC96-3E5B-4D89-BC3F-8E6634FF5766}.Debug|Any CPU.ActiveCfg = Debug|Any CPU
		{3958DC96-3E5B-4D89-BC3F-8E6634FF5766}.Debug|Any CPU.Build.0 = Debug|Any CPU
		{3958DC96-3E5B-4D89-BC3F-8E6634FF5766}.Debug|Any CPU.Deploy.0 = Debug|Any CPU
		{3958DC96-3E5B-4D89-BC3F-8E6634FF5766}.Release|Any CPU.ActiveCfg = Release|Any CPU
		{3958DC96-3E5B-4D89-BC3F-8E6634FF5766}.Release|Any CPU.Build.0 = Release|Any CPU
		{3958DC96-3E5B-4D89-BC3F-8E6634FF5766}.Release|Any CPU.Deploy.0 = Release|Any CPU
	EndGlobalSection
	GlobalSection(SolutionProperties) = preSolution
		HideSolutionNode = FALSE
	EndGlobalSection
	GlobalSection(ExtensibilityGlobals) = postSolution
		SolutionGuid = {4BF56189-8DC5-41A9-9440-3C7B9F57E151}
	EndGlobalSection
EndGlobal
