
Microsoft Visual Studio Solution File, Format Version 12.00
# Visual Studio 2012
Project("{FAE04EC0-301F-11D3-BF4B-00C04F79EFBC}") = "FFImageLoading.Core.Tests", "FFImageLoading.Core.Tests.csproj", "{C234E3F9-8DE1-4105-A793-E0584A538092}"
EndProject
Global
	GlobalSection(SolutionConfigurationPlatforms) = preSolution
		Debug|Any CPU = Debug|Any CPU
		Release|Any CPU = Release|Any CPU
	EndGlobalSection
	GlobalSection(ProjectConfigurationPlatforms) = postSolution
		{C234E3F9-8DE1-4105-A793-E0584A538092}.Debug|Any CPU.ActiveCfg = Debug|Any CPU
		{C234E3F9-8DE1-4105-A793-E0584A538092}.Debug|Any CPU.Build.0 = Debug|Any CPU
		{C234E3F9-8DE1-4105-A793-E0584A538092}.Release|Any CPU.ActiveCfg = Release|Any CPU
		{C234E3F9-8DE1-4105-A793-E0584A538092}.Release|Any CPU.Build.0 = Release|Any CPU
	EndGlobalSection
EndGlobal
